GIT
  remote: https://github.com/CruGlobal/omniauth-oktaoauth.git
  revision: 02b679206abdba13d25157b99351128c76e8b36c
  specs:
    omniauth-oktaoauth (0.1.6)
      omniauth (>= 1.5)
      omniauth-oauth2 (>= 1.4.0, < 2.0)

GEM
  remote: https://rubygems.org/
  specs:
    aasm (5.5.0)
      concurrent-ruby (~> 1.0)
    actioncable (8.0.5.1)
      actionpack (= 8.0.5.1)
      activesupport (= 8.0.5.1)
      nio4r (~> 2.0)
      websocket-driver (>= 0.6.1)
      zeitwerk (~> 2.6)
    actionmailbox (8.0.5.1)
      actionpack (= 8.0.5.1)
      activejob (= 8.0.5.1)
      activerecord (= 8.0.5.1)
      activestorage (= 8.0.5.1)
      activesupport (= 8.0.5.1)
      mail (>= 2.8.0)
    actionmailer (8.0.5.1)
      actionpack (= 8.0.5.1)
      actionview (= 8.0.5.1)
      activejob (= 8.0.5.1)
      activesupport (= 8.0.5.1)
      mail (>= 2.8.0)
      rails-dom-testing (~> 2.2)
    actionpack (8.0.5.1)
      actionview (= 8.0.5.1)
      activesupport (= 8.0.5.1)
      nokogiri (>= 1.8.5)
      rack (>= 2.2.4)
      rack-session (>= 1.0.1)
      rack-test (>= 0.6.3)
      rails-dom-testing (~> 2.2)
      rails-html-sanitizer (~> 1.6)
      useragent (~> 0.16)
    actiontext (8.0.5.1)
      actionpack (= 8.0.5.1)
      activerecord (= 8.0.5.1)
      activestorage (= 8.0.5.1)
      activesupport (= 8.0.5.1)
      globalid (>= 0.6.0)
      nokogiri (>= 1.8.5)
    actionview (8.0.5.1)
      activesupport (= 8.0.5.1)
      builder (~> 3.1)
      erubi (~> 1.11)
      rails-dom-testing (~> 2.2)
      rails-html-sanitizer (~> 1.6)
    active_material (2.1.2)
    activeadmin (3.2.5)
      arbre (~> 1.2, >= 1.2.1)
      csv
      formtastic (>= 3.1)
      formtastic_i18n (>= 0.4)
      inherited_resources (~> 1.7)
      jquery-rails (>= 4.2)
      kaminari (>= 1.2.1)
      railties (>= 6.1)
      ransack (>= 4.0)
    activeadmin_addons (1.10.1)
      active_material
      railties
      redcarpet
      require_all
      sassc
      sassc-rails
      xdan-datetimepicker-rails (~> 2.5.1)
    activejob (8.0.5.1)
      activesupport (= 8.0.5.1)
      globalid (>= 0.3.6)
    activemodel (8.0.5.1)
      activesupport (= 8.0.5.1)
    activerecord (8.0.5.1)
      activemodel (= 8.0.5.1)
      activesupport (= 8.0.5.1)
      timeout (>= 0.4.0)
    activerecord-import (1.8.1)
      activerecord (>= 4.2)
    activestorage (8.0.5.1)
      actionpack (= 8.0.5.1)
      activejob (= 8.0.5.1)
      activerecord (= 8.0.5.1)
      activesupport (= 8.0.5.1)
      marcel (~> 1.0)
    activesupport (8.0.5.1)
      base64
      benchmark (>= 0.3)
      bigdecimal
      concurrent-ruby (~> 1.0, >= 1.3.1)
      connection_pool (>= 2.2.5)
      drb
      i18n (>= 1.6, < 2)
      logger (>= 1.4.2)
      minitest (>= 5.1)
      securerandom (>= 0.3)
      tzinfo (~> 2.0, >= 2.0.5)
      uri (>= 0.13.1)
    addressable (2.9.0)
      public_suffix (>= 2.0.2, < 8.0)
    amazing_print (1.6.0)
    anonymous_loader (0.1.3)
      version_gem (~> 1.1, >= 1.1.14)
    arbre (1.7.0)
      activesupport (>= 3.0.0)
      ruby2_keywords (>= 0.0.2)
    ast (2.4.3)
    auth-sanitizer (0.2.3)
      version_gem (~> 1.1, >= 1.1.14)
    base64 (0.3.0)
    bcrypt (3.1.22)
    benchmark (0.5.0)
    bigdecimal (4.1.2)
    bindex (0.8.1)
    binding_of_caller (1.0.1)
      debug_inspector (>= 1.2.0)
    bootsnap (1.18.4)
      msgpack (~> 1.2)
    brakeman (8.0.6)
      racc
    builder (3.3.0)
    bundler-audit (0.9.3)
      bundler (>= 1.2.0)
      thor (~> 1.0)
    byebug (11.1.3)
    capybara (3.40.0)
      addressable
      matrix
      mini_mime (>= 0.1.3)
      nokogiri (~> 1.11)
      rack (>= 1.6.0)
      rack-test (>= 0.6.3)
      regexp_parser (>= 1.5, < 3.0)
      xpath (~> 3.2)
    cgi (0.5.2)
    coderay (1.1.3)
    concurrent-ruby (1.3.8)
    connection_pool (2.5.5)
    crack (1.0.0)
      bigdecimal
      rexml
    crass (1.0.7)
    csv (3.3.0)
    database_cleaner-active_record (2.2.0)
      activerecord (>= 5.a)
      database_cleaner-core (~> 2.0.0)
    database_cleaner-core (2.0.1)
    datadog (2.39.0)
      cgi
      datadog-ruby_core_source (~> 3.5, >= 3.5.3)
      libdatadog (~> 36.0.0.1.0)
      libddwaf (~> 1.30.0.0.0)
      logger
      msgpack
    datadog-ruby_core_source (3.5.3)
    date (3.5.1)
    debug (1.9.2)
      irb (~> 1.10)
      reline (>= 0.3.8)
    debug_inspector (1.2.0)
    devise (5.0.4)
      bcrypt (~> 3.0)
      orm_adapter (~> 0.1)
      railties (>= 7.0)
      responders
      warden (~> 1.2.3)
    diff-lcs (1.5.1)
    docile (1.4.1)
    dogstatsd-ruby (5.7.1)
    dotenv (3.1.8)
    dotenv-rails (3.1.8)
      dotenv (= 3.1.8)
      railties (>= 6.1)
    drb (2.2.3)
    erb (6.0.4)
    erubi (1.13.1)
    factory_bot (6.5.0)
      activesupport (>= 5.0.0)
    factory_bot_rails (6.4.4)
      factory_bot (~> 6.5)
      railties (>= 5.0.0)
    faker (3.5.1)
      i18n (>= 1.8.11, < 2)
    faraday (2.14.3)
      faraday-net_http (>= 2.0, < 3.5)
      json
      logger
    faraday-net_http (3.4.2)
      net-http (~> 0.5)
    ffi (1.17.2-aarch64-linux-gnu)
    ffi (1.17.2-aarch64-linux-musl)
    ffi (1.17.2-arm-linux-gnu)
    ffi (1.17.2-arm-linux-musl)
    ffi (1.17.2-arm64-darwin)
    ffi (1.17.2-x86-linux-gnu)
    ffi (1.17.2-x86-linux-musl)
    ffi (1.17.2-x86_64-darwin)
    ffi (1.17.2-x86_64-linux-gnu)
    ffi (1.17.2-x86_64-linux-musl)
    formtastic (5.0.0)
      actionpack (>= 6.0.0)
    formtastic_i18n (0.7.0)
    globalid (1.3.0)
      activesupport (>= 6.1)
    google-protobuf (4.32.1)
      bigdecimal
      rake (>= 13)
    google-protobuf (4.32.1-aarch64-linux-gnu)
      bigdecimal
      rake (>= 13)
    google-protobuf (4.32.1-aarch64-linux-musl)
      bigdecimal
      rake (>= 13)
    google-protobuf (4.32.1-arm64-darwin)
      bigdecimal
      rake (>= 13)
    google-protobuf (4.32.1-x86-linux-gnu)
      bigdecimal
      rake (>= 13)
    google-protobuf (4.32.1-x86-linux-musl)
      bigdecimal
      rake (>= 13)
    google-protobuf (4.32.1-x86_64-darwin)
      bigdecimal
      rake (>= 13)
    google-protobuf (4.32.1-x86_64-linux-gnu)
      bigdecimal
      rake (>= 13)
    google-protobuf (4.32.1-x86_64-linux-musl)
      bigdecimal
      rake (>= 13)
    has_scope (0.8.2)
      actionpack (>= 5.2)
      activesupport (>= 5.2)
    hashdiff (1.1.2)
    hashie (5.0.0)
    i18n (1.14.8)
      concurrent-ruby (~> 1.0)
    importmap-rails (2.0.3)
      actionpack (>= 6.0.0)
      activesupport (>= 6.0.0)
      railties (>= 6.0.0)
    inherited_resources (1.14.0)
      actionpack (>= 6.0)
      has_scope (>= 0.6)
      railties (>= 6.0)
      responders (>= 2)
    io-console (0.8.2)
    irb (1.18.0)
      pp (>= 0.6.0)
      prism (>= 1.3.0)
      rdoc (>= 4.0.0)
      reline (>= 0.4.2)
    jbuilder (2.13.0)
      actionview (>= 5.0.0)
      activesupport (>= 5.0.0)
    jquery-rails (4.6.0)
      rails-dom-testing (>= 1, < 3)
      railties (>= 4.2.0)
      thor (>= 0.14, < 2.0)
    json (2.21.2)
    jwt (3.2.0)
      base64
    kaminari (1.2.2)
      activesupport (>= 4.1.0)
      kaminari-actionview (= 1.2.2)
      kaminari-activerecord (= 1.2.2)
      kaminari-core (= 1.2.2)
    kaminari-actionview (1.2.2)
      actionview
      kaminari-core (= 1.2.2)
    kaminari-activerecord (1.2.2)
      activerecord
      kaminari-core (= 1.2.2)
    kaminari-core (1.2.2)
    language_server-protocol (3.17.0.5)
    libdatadog (36.0.0.1.0)
    libdatadog (36.0.0.1.0-aarch64-linux)
    libdatadog (36.0.0.1.0-arm64-darwin)
    libdatadog (36.0.0.1.0-x86_64-linux)
    libddwaf (1.30.0.0.2)
      ffi (~> 1.0)
    libddwaf (1.30.0.0.2-aarch64-linux)
      ffi (~> 1.0)
    libddwaf (1.30.0.0.2-arm64-darwin)
      ffi (~> 1.0)
    libddwaf (1.30.0.0.2-x86_64-darwin)
      ffi (~> 1.0)
    libddwaf (1.30.0.0.2-x86_64-linux)
      ffi (~> 1.0)
    lint_roller (1.1.0)
    logger (1.7.0)
    lograge (0.14.0)
      actionpack (>= 4)
      activesupport (>= 4)
      railties (>= 4)
      request_store (~> 1.0)
    loofah (2.25.2)
      crass (~> 1.0.2)
      nokogiri (>= 1.12.0)
    mail (2.9.1)
      logger
      mini_mime (>= 0.1.1)
      net-imap
      net-pop
      net-smtp
    marcel (1.1.0)
    matrix (0.4.2)
    method_source (1.1.0)
    mini_mime (1.1.5)
    mini_portile2 (2.8.9)
    minitest (5.27.0)
    msgpack (1.8.3)
    multi_xml (0.8.1)
      bigdecimal (>= 3.1, < 5)
    net-http (0.9.1)
      uri (>= 0.11.1)
    net-imap (0.6.4.1)
      date
      net-protocol
    net-pop (0.1.2)
      net-protocol
    net-protocol (0.2.2)
      timeout
    net-smtp (0.5.1)
      net-protocol
    nio4r (2.7.5)
    nokogiri (1.19.4)
      mini_portile2 (~> 2.8.2)
      racc (~> 1.4)
    nokogiri (1.19.4-aarch64-linux-gnu)
      racc (~> 1.4)
    nokogiri (1.19.4-aarch64-linux-musl)
      racc (~> 1.4)
    nokogiri (1.19.4-arm-linux-gnu)
      racc (~> 1.4)
    nokogiri (1.19.4-arm-linux-musl)
      racc (~> 1.4)
    nokogiri (1.19.4-arm64-darwin)
      racc (~> 1.4)
    nokogiri (1.19.4-x86_64-darwin)
      racc (~> 1.4)
    nokogiri (1.19.4-x86_64-linux-gnu)
      racc (~> 1.4)
    nokogiri (1.19.4-x86_64-linux-musl)
      racc (~> 1.4)
    oauth2 (2.0.25)
      anonymous_loader (~> 0.1, >= 0.1.3)
      auth-sanitizer (~> 0.2, >= 0.2.3)
      faraday (>= 0.17.3, < 4.0)
      jwt (>= 1.0, < 4.0)
      logger (~> 1.2)
      multi_xml (~> 0.5)
      rack (>= 1.2, < 4)
      snaky_hash (~> 2.0, >= 2.0.7)
      version_gem (~> 1.1, >= 1.1.14)
    oj (3.17.4)
      bigdecimal (>= 3.0)
      ostruct (>= 0.2)
    omniauth (2.1.3)
      hashie (>= 3.4.6)
      rack (>= 2.2.3)
      rack-protection
    omniauth-oauth2 (1.8.0)
      oauth2 (>= 1.4, < 3)
      omniauth (~> 2.0)
    omniauth-rails_csrf_protection (1.0.2)
      actionpack (>= 4.2)
      omniauth (~> 2.0)
    orm_adapter (0.5.0)
    ostruct (0.6.1)
    ougai (1.9.1)
      oj (~> 3.10)
    parallel (1.27.0)
    parser (3.3.9.0)
      ast (~> 2.4.1)
      racc
    pg (1.5.9)
    pp (0.6.3)
      prettyprint
    prettyprint (0.2.0)
    prism (1.9.0)
    pry (0.14.2)
      coderay (~> 1.1)
      method_source (~> 1.0)
    pry-byebug (3.10.1)
      byebug (~> 11.0)
      pry (>= 0.13, < 0.15)
    pry-remote (0.1.8)
      pry (~> 0.9)
      slop (~> 3.0)
    pry-stack_explorer (0.6.1)
      binding_of_caller (~> 1.0)
      pry (~> 0.13)
    psych (5.3.1)
      date
      stringio
    public_suffix (7.0.5)
    puma (8.0.2)
      nio4r (~> 2.0)
    racc (1.8.1)
    rack (3.2.6)
    rack-protection (4.1.1)
      base64 (>= 0.1.0)
      logger (>= 1.6.0)
      rack (>= 3.0.0, < 4)
    rack-session (2.1.2)
      base64 (>= 0.1.0)
      rack (>= 3.0.0)
    rack-test (2.2.0)
      rack (>= 1.3)
    rackup (2.3.1)
      rack (>= 3)
    rails (8.0.5.1)
      actioncable (= 8.0.5.1)
      actionmailbox (= 8.0.5.1)
      actionmailer (= 8.0.5.1)
      actionpack (= 8.0.5.1)
      actiontext (= 8.0.5.1)
      actionview (= 8.0.5.1)
      activejob (= 8.0.5.1)
      activemodel (= 8.0.5.1)
      activerecord (= 8.0.5.1)
      activestorage (= 8.0.5.1)
      activesupport (= 8.0.5.1)
      bundler (>= 1.15.0)
      railties (= 8.0.5.1)
    rails-dom-testing (2.3.0)
      activesupport (>= 5.0.0)
      minitest
      nokogiri (>= 1.6)
    rails-html-sanitizer (1.7.1)
      loofah (~> 2.25, >= 2.25.2)
      nokogiri (>= 1.15.7, != 1.16.7, != 1.16.6, != 1.16.5, != 1.16.4, != 1.16.3, != 1.16.2, != 1.16.1, != 1.16.0.rc1, != 1.16.0)
    railties (8.0.5.1)
      actionpack (= 8.0.5.1)
      activesupport (= 8.0.5.1)
      irb (~> 1.13)
      rackup (>= 1.0.0)
      rake (>= 12.2)
      thor (~> 1.0, >= 1.2.2)
      tsort (>= 0.2)
      zeitwerk (~> 2.6)
    rainbow (3.1.1)
    rake (13.4.2)
    ransack (4.2.1)
      activerecord (>= 6.1.5)
      activesupport (>= 6.1.5)
      i18n
    rdoc (7.2.0)
      erb
      psych (>= 4.0.0)
      tsort
    redcarpet (3.6.0)
    redis (4.8.1)
    redis-actionpack (5.5.0)
      actionpack (>= 5)
      redis-rack (>= 2.1.0, < 4)
      redis-store (>= 1.1.0, < 2)
    redis-rack (3.0.0)
      rack-session (>= 0.2.0)
      redis-store (>= 1.2, < 2)
    redis-store (1.11.0)
      redis (>= 4, < 6)
    regexp_parser (2.11.3)
    reline (0.6.3)
      io-console (~> 0.5)
    request_store (1.7.0)
      rack (>= 1.4)
    require_all (3.0.0)
    responders (3.2.0)
      actionpack (>= 7.0)
      railties (>= 7.0)
    rexml (3.4.4)
    rspec-core (3.13.2)
      rspec-support (~> 3.13.0)
    rspec-expectations (3.13.3)
      diff-lcs (>= 1.2.0, < 2.0)
      rspec-support (~> 3.13.0)
    rspec-mocks (3.13.2)
      diff-lcs (>= 1.2.0, < 2.0)
      rspec-support (~> 3.13.0)
    rspec-rails (7.1.0)
      actionpack (>= 7.0)
      activesupport (>= 7.0)
      railties (>= 7.0)
      rspec-core (~> 3.13)
      rspec-expectations (~> 3.13)
      rspec-mocks (~> 3.13)
      rspec-support (~> 3.13)
    rspec-support (3.13.2)
    rubocop (1.80.2)
      json (~> 2.3)
      language_server-protocol (~> 3.17.0.2)
      lint_roller (~> 1.1.0)
      parallel (~> 1.10)
      parser (>= 3.3.0.2)
      rainbow (>= 2.2.2, < 4.0)
      regexp_parser (>= 2.9.3, < 3.0)
      rubocop-ast (>= 1.46.0, < 2.0)
      ruby-progressbar (~> 1.7)
      unicode-display_width (>= 2.4.0, < 4.0)
    rubocop-ast (1.46.0)
      parser (>= 3.3.7.2)
      prism (~> 1.4)
    rubocop-minitest (0.36.0)
      rubocop (>= 1.61, < 2.0)
      rubocop-ast (>= 1.31.1, < 2.0)
    rubocop-performance (1.25.0)
      lint_roller (~> 1.1)
      rubocop (>= 1.75.0, < 2.0)
      rubocop-ast (>= 1.38.0, < 2.0)
    rubocop-rails (2.27.0)
      activesupport (>= 4.2.0)
      rack (>= 1.1)
      rubocop (>= 1.52.0, < 2.0)
      rubocop-ast (>= 1.31.1, < 2.0)
    rubocop-rails-omakase (1.0.0)
      rubocop
      rubocop-minitest
      rubocop-performance
      rubocop-rails
    ruby-progressbar (1.13.0)
    ruby2_keywords (0.0.5)
    rubyzip (2.4.1)
    sass-embedded (1.92.1)
      google-protobuf (~> 4.31)
      rake (>= 13)
    sass-embedded (1.92.1-aarch64-linux-gnu)
      google-protobuf (~> 4.31)
    sass-embedded (1.92.1-aarch64-linux-musl)
      google-protobuf (~> 4.31)
    sass-embedded (1.92.1-arm-linux-gnueabihf)
      google-protobuf (~> 4.31)
    sass-embedded (1.92.1-arm-linux-musleabihf)
      google-protobuf (~> 4.31)
    sass-embedded (1.92.1-arm64-darwin)
      google-protobuf (~> 4.31)
    sass-embedded (1.92.1-x86_64-darwin)
      google-protobuf (~> 4.31)
    sass-embedded (1.92.1-x86_64-linux-gnu)
      google-protobuf (~> 4.31)
    sass-embedded (1.92.1-x86_64-linux-musl)
      google-protobuf (~> 4.31)
    sassc (2.4.0)
      ffi (~> 1.9)
    sassc-embedded (1.80.5)
      sass-embedded (~> 1.80)
    sassc-rails (2.1.2)
      railties (>= 4.0.0)
      sassc (>= 2.0)
      sprockets (> 3.0)
      sprockets-rails
      tilt
    securerandom (0.4.1)
    selenium-webdriver (4.28.0)
      base64 (~> 0.2)
      logger (~> 1.4)
      rexml (~> 3.2, >= 3.2.5)
      rubyzip (>= 1.2.2, < 3.0)
      websocket (~> 1.0)
    simplecov (0.22.0)
      docile (~> 1.1)
      simplecov-html (~> 0.11)
      simplecov_json_formatter (~> 0.1)
    simplecov-cobertura (3.1.0)
      rexml
      simplecov (~> 0.19)
    simplecov-html (0.13.2)
    simplecov_json_formatter (0.1.4)
    slop (3.6.0)
    snaky_hash (2.0.7)
      hashie (>= 0.1.0, < 6)
      version_gem (~> 1.1, >= 1.1.14)
    sprockets (4.2.1)
      concurrent-ruby (~> 1.0)
      rack (>= 2.2.4, < 4)
    sprockets-rails (3.5.2)
      actionpack (>= 6.1)
      activesupport (>= 6.1)
      sprockets (>= 3.0.0)
    standard (1.51.1)
      language_server-protocol (~> 3.17.0.2)
      lint_roller (~> 1.0)
      rubocop (~> 1.80.2)
      standard-custom (~> 1.0.0)
      standard-performance (~> 1.8)
    standard-custom (1.0.2)
      lint_roller (~> 1.0)
      rubocop (~> 1.50)
    standard-performance (1.8.0)
      lint_roller (~> 1.1)
      rubocop-performance (~> 1.25.0)
    stimulus-rails (1.3.4)
      railties (>= 6.0.0)
    stringio (3.2.0)
    strip_attributes (1.14.1)
      activemodel (>= 3.0, < 9.0)
    thor (1.5.0)
    thruster (0.1.23)
    thruster (0.1.23-aarch64-linux)
    thruster (0.1.23-arm64-darwin)
    thruster (0.1.23-x86_64-darwin)
    thruster (0.1.23-x86_64-linux)
    tilt (2.4.0)
    timeout (0.6.1)
    tsort (0.2.0)
    tzinfo (2.0.6)
      concurrent-ruby (~> 1.0)
    unicode-display_width (3.2.0)
      unicode-emoji (~> 4.1)
    unicode-emoji (4.1.0)
    uri (1.1.1)
    useragent (0.16.11)
    version_gem (1.1.14)
    warden (1.2.9)
      rack (>= 2.0.9)
    web-console (4.2.1)
      actionview (>= 6.0.0)
      activemodel (>= 6.0.0)
      bindex (>= 0.4.0)
      railties (>= 6.0.0)
    webmock (3.24.0)
      addressable (>= 2.8.0)
      crack (>= 0.3.2)
      hashdiff (>= 0.4.0, < 2.0.0)
    websocket (1.2.11)
    websocket-driver (0.8.2)
      base64
      websocket-extensions (>= 0.1.0)
    websocket-extensions (0.1.5)
    xdan-datetimepicker-rails (2.5.4)
      jquery-rails
      rails (>= 3.2.16)
    xpath (3.2.0)
      nokogiri (~> 1.8)
    zeitwerk (2.7.5)

PLATFORMS
  aarch64-linux
  aarch64-linux-gnu
  aarch64-linux-musl
  arm-linux
  arm-linux-gnu
  arm-linux-musl
  arm64-darwin
  x86-linux
  x86-linux-gnu
  x86-linux-musl
  x86_64-darwin
  x86_64-linux
  x86_64-linux-gnu
  x86_64-linux-musl

DEPENDENCIES
  aasm
  activeadmin (~> 3.2)
  activeadmin_addons
  activerecord-import
  amazing_print
  bootsnap
  brakeman
  bundler-audit
  capybara
  connection_pool (< 3)
  database_cleaner-active_record
  datadog
  debug
  devise
  dogstatsd-ruby
  dotenv-rails
  factory_bot_rails
  faker
  importmap-rails
  jbuilder
  lograge
  omniauth-oktaoauth!
  omniauth-rails_csrf_protection
  ougai (~> 1.7)
  pg
  pry-byebug
  pry-remote
  pry-stack_explorer
  puma (>= 5.0)
  rails (~> 8.0.0, >= 8.0.5)
  rails-html-sanitizer (~> 1.6)
  redis (~> 4.0)
  redis-actionpack
  rspec-rails
  rubocop-rails-omakase
  sassc-embedded
  selenium-webdriver
  simplecov-cobertura
  sprockets-rails
  standard
  stimulus-rails
  strip_attributes
  thruster
  tzinfo-data
  web-console
  webmock

CHECKSUMS
  aasm (5.5.0) sha256=e3a2c6e621308b813ff59afc1cafc3ccce2953db57bb67fd9cc785106fbbd0f6
  actioncable (8.0.5.1) sha256=5adb700c605a7ef7628f87dc7a6da20cd5f0ceac782a59055c864ea51a77d7c7
  actionmailbox (8.0.5.1) sha256=f8b72eadf53b3e285df8f2d1f6533012abf5a0a001180abe436aea3139eeaed6
  actionmailer (8.0.5.1) sha256=c3d2b3f96e1989ea25f51699786a97fcb2536eb7abfc2a667cb8f2376ec08403
  actionpack (8.0.5.1) sha256=a5595c9d824d68884ddc4d3965ab78c897760d3752e190df7efe897371caa1eb
  actiontext (8.0.5.1) sha256=370e90d35feb4313fc18ccef658776427d5bdd13126f266933b828a77e2125b2
  actionview (8.0.5.1) sha256=472a108b9cc2295c4ac3ff09b028045e619875801f48c556f0085210b9cb1440
  active_material (2.1.2) sha256=7437a87e8bf7b3ca5ba93de881b7c65fe8ee99144c0396bc9f653d772bd41fc0
  activeadmin (3.2.5) sha256=9d125d17d5715bf0b55781319d645dc03bd460b0cb7cab213d87c55feffc3f18
  activeadmin_addons (1.10.1) sha256=be89886d966d2eb36a7537ebbcc3b0c3076cf3d38cd01e7f7d642bb7757dcd24
  activejob (8.0.5.1) sha256=142407a21b6c3cbc6ddd92ca111ac18ea5c40298eb94d81845cd897a072a6880
  activemodel (8.0.5.1) sha256=559be32aa9c40db7a3ee0aef926d4508a9ebd22f96f7276c11326d21a7dff4a4
  activerecord (8.0.5.1) sha256=9252968fce404d75eb17092498a440d472167f2f8deee32b4658d6552b1eeea7
  activerecord-import (1.8.1) sha256=c60c53e93b9ae05b9bc96b2a6e14c93e87e3d3ed0b3b9f4e6a3dba1e83f526bc
  activestorage (8.0.5.1) sha256=239742932b2fdcf0ead175e0889dbd385a36da2168fd7bde023aaad88ef745f2
  activesupport (8.0.5.1) sha256=329a4280c4fbcfcf338ae2cb9df28b0b14527929dba105e10b3604516d998710
  addressable (2.9.0) sha256=7fdf6ac3660f7f4e867a0838be3f6cf722ace541dd97767fa42bc6cfa980c7af
  amazing_print (1.6.0) sha256=9903e93daadc15411c854239f8ca1ca6ce78be279ed99d43fec2bd3b0aa37397
  anonymous_loader (0.1.3) sha256=084a18e2439144d955447dc11dfc982f41fcd1583ad32d4d55151325dc44cb55
  arbre (1.7.0) sha256=20c76c26390924422407aa8eb849ae859b903a95bb9c19eb2f8e05fe1e40c83d
  ast (2.4.3) sha256=954615157c1d6a382bc27d690d973195e79db7f55e9765ac7c481c60bdb4d383
  auth-sanitizer (0.2.3) sha256=db10aac92cfbe4c64ab637eebcbe1d67395d1694798041362173370f59933e3c
  base64 (0.3.0) sha256=27337aeabad6ffae05c265c450490628ef3ebd4b67be58257393227588f5a97b
  bcrypt (3.1.22) sha256=1f0072e88c2d705d94aff7f2c5cb02eb3f1ec4b8368671e19112527489f29032
  benchmark (0.5.0) sha256=465df122341aedcb81a2a24b4d3bd19b6c67c1530713fd533f3ff034e419236c
  bigdecimal (4.1.2) sha256=53d217666027eab4280346fba98e7d5b66baaae1b9c3c1c0ffe89d48188a3fbd
  bindex (0.8.1) sha256=7b1ecc9dc539ed8bccfc8cb4d2732046227b09d6f37582ff12e50a5047ceb17e
  binding_of_caller (1.0.1) sha256=2b2902abff4246ddcfbc4da9b69bc4a019e22aeb300c2ff6289a173d4b90b29a
  bootsnap (1.18.4) sha256=ac4c42af397f7ee15521820198daeff545e4c360d2772c601fbdc2c07d92af55
  brakeman (8.0.6) sha256=759cc69341115e6c2dcd47b6fd8649a0b9bd540e3585ac8a0a94e31c66fee386
  builder (3.3.0) sha256=497918d2f9dca528fdca4b88d84e4ef4387256d984b8154e9d5d3fe5a9c8835f
  bundler-audit (0.9.3) sha256=81c8766c71e47d0d28a0f98c7eed028539f21a6ea3cd8f685eb6f42333c9b4e9
  byebug (11.1.3) sha256=2485944d2bb21283c593d562f9ae1019bf80002143cc3a255aaffd4e9cf4a35b
  capybara (3.40.0) sha256=42dba720578ea1ca65fd7a41d163dd368502c191804558f6e0f71b391054aeef
  cgi (0.5.2) sha256=61ca30298171190fd4fa0d8018e57ada456eae9b7a2b78526debf7f0a0e6f8bb
  coderay (1.1.3) sha256=dc530018a4684512f8f38143cd2a096c9f02a1fc2459edcfe534787a7fc77d4b
  concurrent-ruby (1.3.8) sha256=b2f1be836e968ccc78ccfce277ea79c72a88633f22306782c16ff23fb415d1e1
  connection_pool (2.5.5) sha256=e54ff92855753df1fd7c59fa04a398833355f27dd14c074f8c83a05f72a716ad
  crack (1.0.0) sha256=c83aefdb428cdc7b66c7f287e488c796f055c0839e6e545fec2c7047743c4a49
  crass (1.0.7) sha256=94868719948664c89ddcaf0a37c65048413dfcb1c869470a5f7a7ceb5390b295
  csv (3.3.0) sha256=0bbd1defdc31134abefed027a639b3723c2753862150f4c3ee61cab71b20d67d
  database_cleaner-active_record (2.2.0) sha256=3228d6d8ec1f2103fd6ab468dae923424318bcfabcf5dd5b02e5fcb0c486e1c7
  database_cleaner-core (2.0.1) sha256=8646574c32162e59ed7b5258a97a208d3c44551b854e510994f24683865d846c
  datadog (2.39.0) sha256=79156affff61abe93d731dbeefda1cfff28d0851c3b4afced23ae8892cdcfb38
  datadog-ruby_core_source (3.5.3) sha256=5636592e73664c6c1efedf6645f2a882c4d04902088f847f6a5ddb765340cc9b
  date (3.5.1) sha256=750d06384d7b9c15d562c76291407d89e368dda4d4fff957eb94962d325a0dc0
  debug (1.9.2) sha256=48e026c0852c7a10c60263e2e527968308958e266231e36d64e3efcabec7e7fc
  debug_inspector (1.2.0) sha256=9bdfa02eebc3da163833e6a89b154084232f5766087e59573b70521c77ea68a2
  devise (5.0.4) sha256=d605f2b85854e74e56ee789e2d398702bc2d06e6bcd894717a670a3199c74cc1
  diff-lcs (1.5.1) sha256=273223dfb40685548436d32b4733aa67351769c7dea621da7d9dd4813e63ddfe
  docile (1.4.1) sha256=96159be799bfa73cdb721b840e9802126e4e03dfc26863db73647204c727f21e
  dogstatsd-ruby (5.7.1) sha256=d2e211f9635d6bbe773e152e00fd4cb9f165d26e10356dbef8f917f7a9e5d58c
  dotenv (3.1.8) sha256=9e1176060ced581f8e6ce4384e91361817763a76e3c625c8bddc18b35bd392c3
  dotenv-rails (3.1.8) sha256=46c9d1226a8b58a83b5f61325aa8cffd25cea1c0fafdfbbbee1e5dfea77980c4
  drb (2.2.3) sha256=0b00d6fdb50995fe4a45dea13663493c841112e4068656854646f418fda13373
  erb (6.0.4) sha256=38e3803694be357fe2bfe312487c74beaf9fb4e5beb3e22498952fe1645b95d9
  erubi (1.13.1) sha256=a082103b0885dbc5ecf1172fede897f9ebdb745a4b97a5e8dc63953db1ee4ad9
  factory_bot (6.5.0) sha256=6374b3a3593b8077ee9856d553d2e84d75b47b912cc24eafea4062f9363d2261
  factory_bot_rails (6.4.4) sha256=139e17caa2c50f098fddf5e5e1f29e8067352024e91ca1186d018b36589e5c88
  faker (3.5.1) sha256=1ad1fbea279d882f486059c23fe3ddb816ccd1d7052c05a45014b4450d859bfc
  faraday (2.14.3) sha256=1882247e6766615c8220b4392bf1d27f6ebb63d8e28267587cef1fb0bf37f278
  faraday-net_http (3.4.2) sha256=f147758260d3526939bf57ecf911682f94926a3666502e24c69992765875906c
  ffi (1.17.2-aarch64-linux-gnu) sha256=c910bd3cae70b76690418cce4572b7f6c208d271f323d692a067d59116211a1a
  ffi (1.17.2-aarch64-linux-musl) sha256=69e6556b091d45df83e6c3b19d3c54177c206910965155a6ec98de5e893c7b7c
  ffi (1.17.2-arm-linux-gnu) sha256=d4a438f2b40224ae42ec72f293b3ebe0ba2159f7d1bd47f8417e6af2f68dbaa5
  ffi (1.17.2-arm-linux-musl) sha256=977dfb7f3a6381206dbda9bc441d9e1f9366bf189a634559c3b7c182c497aaa3
  ffi (1.17.2-arm64-darwin) sha256=54dd9789be1d30157782b8de42d8f887a3c3c345293b57ffb6b45b4d1165f813
  ffi (1.17.2-x86-linux-gnu) sha256=95d8f9ebea23c39888e2ab85a02c98f54acb2f4e79b829250d7267ce741dc7b0
  ffi (1.17.2-x86-linux-musl) sha256=41741449bab2b9530f42a47baa5c26263925306fad0ac2d60887f51af2e3b24c
  ffi (1.17.2-x86_64-darwin) sha256=981f2d4e32ea03712beb26e55e972797c2c5a7b0257955d8667ba58f2da6440e
  ffi (1.17.2-x86_64-linux-gnu) sha256=05d2026fc9dbb7cfd21a5934559f16293815b7ce0314846fee2ac8efbdb823ea
  ffi (1.17.2-x86_64-linux-musl) sha256=97c0eb3981414309285a64dc4d466bd149e981c279a56371ef811395d68cb95c
  formtastic (5.0.0) sha256=71cc99c8227208f64da8d2b0926d97cef1e5f77e0105047cd57fddeccd3a6416
  formtastic_i18n (0.7.0) sha256=ecef51c9e9030c00f19e69d2483b77f4515c9587d74268b76cf4b6e7988c8e78
  globalid (1.3.0) sha256=05c639ad6eb4594522a0b07983022f04aa7254626ab69445a0e493aa3786ff11
  google-protobuf (4.32.1) sha256=d9ec3f52a283802055647af5d824dcdfe0a791c6ecbad6a514442f40759015e7
  google-protobuf (4.32.1-aarch64-linux-gnu) sha256=b2254c50085b86a0395b2adea11d9742fe703a135b67689991dcc03a1c9bc179
  google-protobuf (4.32.1-aarch64-linux-musl) sha256=a9cdae8e14ccb781b40efb996ec7ca151fe8521c46cfd40e2b05d62867ab555c
  google-protobuf (4.32.1-arm64-darwin) sha256=ef2b6c138847f03af94eeed58ee8aaf00263dd66490ec659202c06dc3b2f0c29
  google-protobuf (4.32.1-x86-linux-gnu) sha256=f8509ecd53e2e494222105a2ebf451ab5ac9f4d014ccd7c8c81699984f3295c2
  google-protobuf (4.32.1-x86-linux-musl) sha256=3214d6025b4e4a995233c6500e38f954dfddffc985bb59d3cfe144d0b965fc00
  google-protobuf (4.32.1-x86_64-darwin) sha256=2e1fe608d8bbd09514258d84e2a281178214473f95f248ab82e0553c5ab6a8a3
  google-protobuf (4.32.1-x86_64-linux-gnu) sha256=2d209c1980dbdeb4114c7d839a3305fb78dc90bde42fb9a22974c8a4841e0263
  google-protobuf (4.32.1-x86_64-linux-musl) sha256=d5314aea8817bd372177205667b4f4442a5884212bcaccb1ba569ec8a1a06ec4
  has_scope (0.8.2) sha256=48cd53d684aecd55d3ede060b3c1da37bbbcab58e273d99936e271fe6d125a54
  hashdiff (1.1.2) sha256=2c30eeded6ed3dce8401d2b5b99e6963fe5f14ed85e60dd9e33c545a44b71a77
  hashie (5.0.0) sha256=9d6c4e51f2a36d4616cbc8a322d619a162d8f42815a792596039fc95595603da
  i18n (1.14.8) sha256=285778639134865c5e0f6269e0b818256017e8cde89993fdfcbfb64d088824a5
  importmap-rails (2.0.3) sha256=c56764941f9b637791fb87123b38f206f27cc55ef03cb19894f1994184e98cc8
  inherited_resources (1.14.0) sha256=c90327c2898aa1354c0e4bc46616cb35eadef6d135746e23a83ca09987b2a308
  io-console (0.8.2) sha256=d6e3ae7a7cc7574f4b8893b4fca2162e57a825b223a177b7afa236c5ef9814cc
  irb (1.18.0) sha256=de9454a0703a54704b9811a5ef31a60c86949fbf4013fcf244fabc7c775248e3
  jbuilder (2.13.0) sha256=7200a38a1c0081aa81b7a9757e7a299db75bc58cf1fd45ca7919a91627d227d6
  jquery-rails (4.6.0) sha256=3c4e6bf47274340b44d836b8aa1b5472c6d451e2739af5ec094421f39025a7e2
  json (2.21.2) sha256=1f1d3b7cf2b3ba1a69beca0bb6db13d5438b80bff3cd54cdaaa620b9b07c1c6a
  jwt (3.2.0) sha256=5419b1fe37b1da0982bd07051f573a8b8789ab724c2aa7e785e4784a3ed217d7
  kaminari (1.2.2) sha256=c4076ff9adccc6109408333f87b5c4abbda5e39dc464bd4c66d06d9f73442a3e
  kaminari-actionview (1.2.2) sha256=1330f6fc8b59a4a4ef6a549ff8a224797289ebf7a3a503e8c1652535287cc909
  kaminari-activerecord (1.2.2) sha256=0dd3a67bab356a356f36b3b7236bcb81cef313095365befe8e98057dd2472430
  kaminari-core (1.2.2) sha256=3bd26fec7370645af40ca73b9426a448d09b8a8ba7afa9ba3c3e0d39cdbb83ff
  language_server-protocol (3.17.0.5) sha256=fd1e39a51a28bf3eec959379985a72e296e9f9acfce46f6a79d31ca8760803cc
  libdatadog (36.0.0.1.0) sha256=664f53cff1d1362d46d0043e8cb610dc0bbf65e51e0358344733ac12e851126c
  libdatadog (36.0.0.1.0-aarch64-linux) sha256=104cb5264f1b7b592d03d84e09da4615506b8e7567eb7edf52cdbb8ec8a17778
  libdatadog (36.0.0.1.0-arm64-darwin) sha256=8fec056fc39674da51946776c7f59fafe32db2fc2939843a09d79b199494d655
  libdatadog (36.0.0.1.0-x86_64-linux) sha256=08bdbd2dd66195f9f208984434e51871b26075b9d1ca75eac8e8eb22f9c6ccc6
  libddwaf (1.30.0.0.2) sha256=f6dd8d70f1925acce795ad0e974b12cb532c958056ac14e497f13d8c1af143d2
  libddwaf (1.30.0.0.2-aarch64-linux) sha256=f4d8498cce66cb30d81f46bb046b11c3a2202e21ca73c9edb80c3a37939a3dc2
  libddwaf (1.30.0.0.2-arm64-darwin) sha256=cbbec7eee8fe7dbdc6c11bf1429fcfc217fad84e822fc6f252cb1c45daf663cc
  libddwaf (1.30.0.0.2-x86_64-darwin) sha256=3fb97292a9e6eb4b50d48ed0805c48278a261744ce6944e0ded73144a0395060
  libddwaf (1.30.0.0.2-x86_64-linux) sha256=d6f628bfb91a7f89a4ef702c3fce3991ec0678c50031128b70799fde8362111d
  lint_roller (1.1.0) sha256=2c0c845b632a7d172cb849cc90c1bce937a28c5c8ccccb50dfd46a485003cc87
  logger (1.7.0) sha256=196edec7cc44b66cfb40f9755ce11b392f21f7967696af15d274dde7edff0203
  lograge (0.14.0) sha256=42371a75823775f166f727639f5ddce73dd149452a55fc94b90c303213dc9ae1
  loofah (2.25.2) sha256=2007f746959ac65552456e04b433e83deb22759ab38c838b4445c70e43425918
  mail (2.9.1) sha256=06574eca475253d6c18145dd70af80d0eb970182d55053497c5f4d797ea160e8
  marcel (1.1.0) sha256=fdcfcfa33cc52e93c4308d40e4090a5d4ea279e160a7f6af988260fa970e0bee
  matrix (0.4.2) sha256=71083ccbd67a14a43bfa78d3e4dc0f4b503b9cc18e5b4b1d686dc0f9ef7c4cc0
  method_source (1.1.0) sha256=181301c9c45b731b4769bc81e8860e72f9161ad7d66dd99103c9ab84f560f5c5
  mini_mime (1.1.5) sha256=8681b7e2e4215f2a159f9400b5816d85e9d8c6c6b491e96a12797e798f8bccef
  mini_portile2 (2.8.9) sha256=0cd7c7f824e010c072e33f68bc02d85a00aeb6fce05bb4819c03dfd3c140c289
  minitest (5.27.0) sha256=2d3b17f8a36fe7801c1adcffdbc38233b938eb0b4966e97a6739055a45fa77d5
  msgpack (1.8.3) sha256=8bda4a6428d3244e50d6bd55854d354edbada88a4e1f4f5731a39a0f86bee6a1
  multi_xml (0.8.1) sha256=addba0290bac34e9088bfe73dc4878530297a82a7bbd66cb44dcd0a4b86edf5a
  net-http (0.9.1) sha256=25ba0b67c63e89df626ed8fac771d0ad24ad151a858af2cc8e6a716ca4336996
  net-imap (0.6.4.1) sha256=29f0360d75a7efd3539f16ac1957dea5c0a51ddeceb348db4553c3120914ea0d
  net-pop (0.1.2) sha256=848b4e982013c15b2f0382792268763b748cce91c9e91e36b0f27ed26420dff3
  net-protocol (0.2.2) sha256=aa73e0cba6a125369de9837b8d8ef82a61849360eba0521900e2c3713aa162a8
  net-smtp (0.5.1) sha256=ed96a0af63c524fceb4b29b0d352195c30d82dd916a42f03c62a3a70e5b70736
  nio4r (2.7.5) sha256=6c90168e48fb5f8e768419c93abb94ba2b892a1d0602cb06eef16d8b7df1dca1
  nokogiri (1.19.4) sha256=50c951611c92bca05c51411aef45f1cbc50f2821c4802758c5c6d34696533ab5
  nokogiri (1.19.4-aarch64-linux-gnu) sha256=1269fb644a6de405057a53dd5c762b1209b43ca7424f839454d3dbc677c31a8f
  nokogiri (1.19.4-aarch64-linux-musl) sha256=35c65b9ce72b3bb03207bdbe7067915019dc18c1b9b59139684bd6690fdd01af
  nokogiri (1.19.4-arm-linux-gnu) sha256=a301313e38bb065d68239e79734bcd6f56fb6efaacebde29e9abf2a4735340ca
  nokogiri (1.19.4-arm-linux-musl) sha256=588923c101bcfa78869734d247d25b598674323e7f22474fc468f6e5647311eb
  nokogiri (1.19.4-arm64-darwin) sha256=a46db9853286e6597b36ebc6953817d15acf3a299583eb3f89fdc6f91dd63527
  nokogiri (1.19.4-x86_64-darwin) sha256=7fd17057d3e1f00e9954a74b3cd76595d3d4a5ef233b7ed9599047c204f70551
  nokogiri (1.19.4-x86_64-linux-gnu) sha256=379fae440b28915e3f19d752ce2dcf8465ed2b2fbefd2a7ca0dd497bc981a06a
  nokogiri (1.19.4-x86_64-linux-musl) sha256=17dfb7c1fa194ae02fbf7c51a7afc8d278045ab3fdacfd86f91d02d7b274470b
  oauth2 (2.0.25) sha256=2f736a2f93c2caa67c1b08dc3c9889bb907d62643f3183fefaa1723cba6a82ac
  oj (3.17.4) sha256=733fe3bcb7a5d985bd2e943620b7bea1bffb2809318af7021c841b833a6858e1
  omniauth (2.1.3) sha256=8d24e2e55c41926c96e4a93fd566bc026dfd6f2c850408748e89945a565956c2
  omniauth-oauth2 (1.8.0) sha256=b2f8e9559cc7e2d4efba57607691d6d2b634b879fc5b5b6ccfefa3da85089e78
  omniauth-oktaoauth (0.1.6)
  omniauth-rails_csrf_protection (1.0.2) sha256=1170fd672aff092b9b7ebebc1453559f073ed001e3ce62a1df616e32f8dc5fe0
  orm_adapter (0.5.0) sha256=aa5d0be5d540cbb46d3a93e88061f4ece6a25f6e97d6a47122beb84fe595e9b9
  ostruct (0.6.1) sha256=09a3fb7ecc1fa4039f25418cc05ae9c82bd520472c5c6a6f515f03e4988cb817
  ougai (1.9.1) sha256=761b0f44a8bdd14ce246c4add3ebf3bd95749c0461c97333dd3a340f41315205
  parallel (1.27.0) sha256=4ac151e1806b755fb4e2dc2332cbf0e54f2e24ba821ff2d3dcf86bf6dc4ae130
  parser (3.3.9.0) sha256=94d6929354b1a6e3e1f89d79d4d302cc8f5aa814431a6c9c7e0623335d7687f2
  pg (1.5.9) sha256=761efbdf73b66516f0c26fcbe6515dc7500c3f0aa1a1b853feae245433c64fdc
  pp (0.6.3) sha256=2951d514450b93ccfeb1df7d021cae0da16e0a7f95ee1e2273719669d0ab9df6
  prettyprint (0.2.0) sha256=2bc9e15581a94742064a3cc8b0fb9d45aae3d03a1baa6ef80922627a0766f193
  prism (1.9.0) sha256=7b530c6a9f92c24300014919c9dcbc055bf4cdf51ec30aed099b06cd6674ef85
  pry (0.14.2) sha256=c4fe54efedaca1d351280b45b8849af363184696fcac1c72e0415f9bdac4334d
  pry-byebug (3.10.1) sha256=c8f975c32255bfdb29e151f5532130be64ff3d0042dc858d0907e849125581f8
  pry-remote (0.1.8) sha256=d59e065bfe13f3793200761a1303653497679e62815f979ec76517cf66e6e181
  pry-stack_explorer (0.6.1) sha256=a2dbea9b47c4ad00cf5c1ce21499f8128b915089e90015f7bafb6e9453baf340
  psych (5.3.1) sha256=eb7a57cef10c9d70173ff74e739d843ac3b2c019a003de48447b2963d81b1974
  public_suffix (7.0.5) sha256=1a8bb08f1bbea19228d3bed6e5ed908d1cb4f7c2726d18bd9cadf60bc676f623
  puma (8.0.2) sha256=c8ed871dfbbe66448ea9ffd46692342d9804d4071522b52b5331b7b6e7b686fb
  racc (1.8.1) sha256=4a7f6929691dbec8b5209a0b373bc2614882b55fc5d2e447a21aaa691303d62f
  rack (3.2.6) sha256=5ed78e1f73b2e25679bec7d45ee2d4483cc4146eb1be0264fc4d94cb5ef212c2
  rack-protection (4.1.1) sha256=51a254a5d574a7f0ca4f0672025ce2a5ef7c8c3bd09c431349d683e825d7d16a
  rack-session (2.1.2) sha256=595434f8c0c3473ae7d7ac56ecda6cc6dfd9d37c0b2b5255330aa1576967ffe8
  rack-test (2.2.0) sha256=005a36692c306ac0b4a9350355ee080fd09ddef1148a5f8b2ac636c720f5c463
  rackup (2.3.1) sha256=6c79c26753778e90983761d677a48937ee3192b3ffef6bc963c0950f94688868
  rails (8.0.5.1) sha256=c91cefbf38881876ddbe67b5e0246eb985d27d60c6bb1cd7034b4261de0ba495
  rails-dom-testing (2.3.0) sha256=8acc7953a7b911ca44588bf08737bc16719f431a1cc3091a292bca7317925c1d
  rails-html-sanitizer (1.7.1) sha256=e797a7c9b01e567307e317c576b49ab4168017e63eea4dba9ce3cb587e2f22c2
  railties (8.0.5.1) sha256=da1958e1d9dab04691a2f8721b3ff7fab323715d37f103c19972dedfd644d5c7
  rainbow (3.1.1) sha256=039491aa3a89f42efa1d6dec2fc4e62ede96eb6acd95e52f1ad581182b79bc6a
  rake (13.4.2) sha256=cb825b2bd5f1f8e91ca37bddb4b9aaf345551b4731da62949be002fa89283701
  ransack (4.2.1) sha256=e0f688c6ef35abe0bad3cf5afc1b050f36a819bdd56eb454c955c63cdd1bef40
  rdoc (7.2.0) sha256=8650f76cd4009c3b54955eb5d7e3a075c60a57276766ebf36f9085e8c9f23192
  redcarpet (3.6.0) sha256=8ad1889c0355ff4c47174af14edd06d62f45a326da1da6e8a121d59bdcd2e9e9
  redis (4.8.1) sha256=387ee086694fffc9632aaeb1efe4a7b1627ca783bf373320346a8a20cd93333a
  redis-actionpack (5.5.0) sha256=dc0570b78c14ec62b35c17b97fab778ee5986bc55e695bfb6826488088693311
  redis-rack (3.0.0) sha256=abb50b82ae10ad4d11ca2e4901bfc2b98256cdafbbd95f80c86fc9e001478380
  redis-store (1.11.0) sha256=edc4f3e239dcd1fdd9905584e6b1e623a84618e14436e6e8a07c70891008eda4
  regexp_parser (2.11.3) sha256=ca13f381a173b7a93450e53459075c9b76a10433caadcb2f1180f2c741fc55a4
  reline (0.6.3) sha256=1198b04973565b36ec0f11542ab3f5cfeeec34823f4e54cebde90968092b1835
  request_store (1.7.0) sha256=e1b75d5346a315f452242a68c937ef8e48b215b9453a77a6c0acdca2934c88cb
  require_all (3.0.0) sha256=937853faa2833388eab551107bf7bf87c6bba6b4800bac5ce469eda7b6a9fed0
  responders (3.2.0) sha256=89c2d6ac0ae16f6458a11524cae4a8efdceba1a3baea164d28ee9046bd3df55a
  rexml (3.4.4) sha256=19e0a2c3425dfbf2d4fc1189747bdb2f849b6c5e74180401b15734bc97b5d142
  rspec-core (3.13.2) sha256=94fbda6e4738e478f1c7532b7cc241272fcdc8b9eac03a97338b1122e4573300
  rspec-expectations (3.13.3) sha256=0e6b5af59b900147698ea0ff80456c4f2e69cac4394fbd392fbd1ca561f66c58
  rspec-mocks (3.13.2) sha256=2327335def0e1665325a9b617e3af9ae20272741d80ac550336309a7c59abdef
  rspec-rails (7.1.0) sha256=94585b69c4086ca79afae5cc8d2c5e314f6ad32a88c927f9c065b99596e3ee47
  rspec-support (3.13.2) sha256=cea3a2463fd9b84b9dcc9685efd80ea701aa8f7b3decb3b3ce795ed67737dbec
  rubocop (1.80.2) sha256=6485f30fefcf5c199db3b91e5e253b1ef43f7e564784e2315255809a3dd9abf4
  rubocop-ast (1.46.0) sha256=0da7f6ad5b98614f89b74f11873c191059c823eae07d6ffd40a42a3338f2232b
  rubocop-minitest (0.36.0) sha256=1d15850849c685ff4b6d64dd801ec2d13eb2fe56b6f7ce9aab93d1b0508e7b9f
  rubocop-performance (1.25.0) sha256=6f7d03568a770054117a78d0a8e191cefeffb703b382871ca7743831b1a52ec1
  rubocop-rails (2.27.0) sha256=c3a6cef509539cdefe5043992ab3530610b1fecc3d67befe3ff0215b96f2f4fe
  rubocop-rails-omakase (1.0.0) sha256=26635821283d6a03dc8b68172123716a62db96123eb035f736ebb91283f96418
  ruby-progressbar (1.13.0) sha256=80fc9c47a9b640d6834e0dc7b3c94c9df37f08cb072b7761e4a71e22cff29b33
  ruby2_keywords (0.0.5) sha256=ffd13740c573b7301cf7a2e61fc857b2a8e3d3aff32545d6f8300d8bae10e3ef
  rubyzip (2.4.1) sha256=8577c88edc1fde8935eb91064c5cb1aef9ad5494b940cf19c775ee833e075615
  sass-embedded (1.92.1) sha256=7f08d17cb8c8289da0a41ae58678d0d61335a9c6d6c42faffe4205c644b98f42
  sass-embedded (1.92.1-aarch64-linux-gnu) sha256=5b7d2d5ac4fb241778ddfcaa387d39394853c2aaf04308e81a1608170bc3d590
  sass-embedded (1.92.1-aarch64-linux-musl) sha256=05df3c15ea8ea3db67cf853e51776dbb933603f3a2ec9efd1bf25e684c660dbb
  sass-embedded (1.92.1-arm-linux-gnueabihf) sha256=af10860b20c5de873482d4af81ec45bd0ff26d4c8ca3202e7a5a96a86940c7ad
  sass-embedded (1.92.1-arm-linux-musleabihf) sha256=3b8feda0410602534750d63c07263c589703655dfddc391300000853b7f66a83
  sass-embedded (1.92.1-arm64-darwin) sha256=c77073cfe0238ef9f5f9877bcb1903a62632d5f3f800ab8f4b59c423b9bb6b00
  sass-embedded (1.92.1-x86_64-darwin) sha256=cc834b9e239c26ad96d38f56ddc8bf560bf9aea8871215bc07f9fb608336bb56
  sass-embedded (1.92.1-x86_64-linux-gnu) sha256=9fbe90512c2be0aa3064ffa2f34c6753562871b7075492418a5d1ba4f1d4f048
  sass-embedded (1.92.1-x86_64-linux-musl) sha256=ca7d87ae23bcf91421066ab445b6599a6c682e4686f68a66b3d77a0036b5a308
  sassc (2.4.0) sha256=4c60a2b0a3b36685c83b80d5789401c2f678c1652e3288315a1551d811d9f83e
  sassc-embedded (1.80.5) sha256=b2720c938de54e9798bea17bc044ea0df05f552acec30b8e9a79060cceb9cb3e
  sassc-rails (2.1.2) sha256=5f4fdf3881fc9bdc8e856ffbd9850d70a2878866feae8114aa45996179952db5
  securerandom (0.4.1) sha256=cc5193d414a4341b6e225f0cb4446aceca8e50d5e1888743fac16987638ea0b1
  selenium-webdriver (4.28.0) sha256=4cf7722062c3691f9c616890d68d3715d4f2e2e4fb0bc0ee5441a4dc1f5a89d3
  simplecov (0.22.0) sha256=fe2622c7834ff23b98066bb0a854284b2729a569ac659f82621fc22ef36213a5
  simplecov-cobertura (3.1.0) sha256=6d7f38aa32c965ca2174b2e5bd88cb17138eaf629518854976ac50e628925dc5
  simplecov-html (0.13.2) sha256=bd0b8e54e7c2d7685927e8d6286466359b6f16b18cb0df47b508e8d73c777246
  simplecov_json_formatter (0.1.4) sha256=529418fbe8de1713ac2b2d612aa3daa56d316975d307244399fa4838c601b428
  slop (3.6.0) sha256=76ccab03be66bfcab4838cdc07cab019cd3e192a3538266246749e79e4788803
  snaky_hash (2.0.7) sha256=7d02c70012a3f932e48860cd024577908300c9aa615e0cb9b450aaa749cbcb4d
  sprockets (4.2.1) sha256=951b13dd2f2fcae840a7184722689a803e0ff9d2702d902bd844b196da773f97
  sprockets-rails (3.5.2) sha256=a9e88e6ce9f8c912d349aa5401509165ec42326baf9e942a85de4b76dbc4119e
  standard (1.51.1) sha256=6d0d98a1fac26d660393f37b3d9c864632bb934b17abfa23811996b20f87faf2
  standard-custom (1.0.2) sha256=424adc84179a074f1a2a309bb9cf7cd6bfdb2b6541f20c6bf9436c0ba22a652b
  standard-performance (1.8.0) sha256=ed17b7d0e061b2a19a91dd434bef629439e2f32310f22f26acb451addc92b788
  stimulus-rails (1.3.4) sha256=765676ffa1f33af64ce026d26b48e8ffb2e0b94e0f50e9119e11d6107d67cb06
  stringio (3.2.0) sha256=c37cb2e58b4ffbd33fe5cd948c05934af997b36e0b6ca6fdf43afa234cf222e1
  strip_attributes (1.14.1) sha256=a44cf4b8f21e9d5c6679f4178f37bd212d5501f35ad5e8c511e6507cf546ba25
  thor (1.5.0) sha256=e3a9e55fe857e44859ce104a84675ab6e8cd59c650a49106a05f55f136425e73
  thruster (0.1.23) sha256=ad3081e8ff3b5cb413768292c367f1e015c423bb6b35919b9b9f533af50d639f
  thruster (0.1.23-aarch64-linux) sha256=042a05581dd1d750d1583d83817460b1f7fde254ed0b2bcd7ec56f9bed278c7a
  thruster (0.1.23-arm64-darwin) sha256=2f1b73119ffec813cdb104d64dd39bfc3771b5308eb0f4dc2428077141140022
  thruster (0.1.23-x86_64-darwin) sha256=2b22a951f6ac1218c9f461bfc6004b61854147308649475a07bc05fae2e69869
  thruster (0.1.23-x86_64-linux) sha256=9cd7265bf54e954575c8442e42d050ed8eb55df4f9d7da8fd6f94fcc0339baa5
  tilt (2.4.0) sha256=df74f29a451daed26591a85e8e0cebb198892cb75b6573394303acda273fba4d
  timeout (0.6.1) sha256=78f57368a7e7bbadec56971f78a3f5ecbcfb59b7fcbb0a3ed6ddc08a5094accb
  tsort (0.2.0) sha256=9650a793f6859a43b6641671278f79cfead60ac714148aabe4e3f0060480089f
  tzinfo (2.0.6) sha256=8daf828cc77bcf7d63b0e3bdb6caa47e2272dcfaf4fbfe46f8c3a9df087a829b
  unicode-display_width (3.2.0) sha256=0cdd96b5681a5949cdbc2c55e7b420facae74c4aaf9a9815eee1087cb1853c42
  unicode-emoji (4.1.0) sha256=4997d2d5df1ed4252f4830a9b6e86f932e2013fbff2182a9ce9ccabda4f325a5
  uri (1.1.1) sha256=379fa58d27ffb1387eaada68c749d1426738bd0f654d812fcc07e7568f5c57c6
  useragent (0.16.11) sha256=700e6413ad4bb954bb63547fa098dddf7b0ebe75b40cc6f93b8d54255b173844
  version_gem (1.1.14) sha256=6b7306c7e9416d06067561981ab3444e2cecb844f26cc325ae3c27b44cf85613
  warden (1.2.9) sha256=46684f885d35a69dbb883deabf85a222c8e427a957804719e143005df7a1efd0
  web-console (4.2.1) sha256=e7bcf37a10ea2b4ec4281649d1cee461b32232d0a447e82c786e6841fd22fe20
  webmock (3.24.0) sha256=be01357f6fc773606337ca79f3ba332b7d52cbe5c27587671abc0572dbec7122
  websocket (1.2.11) sha256=b7e7a74e2410b5e85c25858b26b3322f29161e300935f70a0e0d3c35e0462737
  websocket-driver (0.8.2) sha256=97c556b019bf3410b4961002ac501621e9322d3f8a7bc02161a09301cc4c4146
  websocket-extensions (0.1.5) sha256=1c6ba63092cda343eb53fc657110c71c754c56484aad42578495227d717a8241
  xdan-datetimepicker-rails (2.5.4) sha256=d69594c4268228cf85a195846dca98680385a1dbd93fda4c622fccb506974674
  xpath (3.2.0) sha256=6dfda79d91bb3b949b947ecc5919f042ef2f399b904013eb3ef6d20dd3a4082e
  zeitwerk (2.7.5) sha256=d8da92128c09ea6ec62c949011b00ed4a20242b255293dd66bf41545398f73dd

RUBY VERSION
   ruby 3.3.10p183

BUNDLED WITH
   2.7.2
